{
    "name": "customer-orders-app-manifest",
    "version": "1.0.0",
    "lockfileVersion": 1,
    "requires": true,
    "dependencies": {
        "adm-zip": {
            "version": "0.4.16",
            "resolved": "https://registry.npmjs.org/adm-zip/-/adm-zip-0.4.16.tgz",
            "integrity": "sha512-TFi4HBKSGfIKsK5YCkKaaFG2m4PEDyViZmEwof3MTIgzimHLto6muaHVpbrljdIvIrFZzEq/p4nafOeLcYegrg==",
            "dev": true
        }
    }
}
